
Microsoft Visual Studio Solution File, Format Version 12.00
# Visual Studio 15
VisualStudioVersion = 15.0.27130.2010
MinimumVisualStudioVersion = 10.0.40219.1
Project("{FAE04EC0-301F-11D3-BF4B-00C04F79EFBC}") = "PracticeProblems2", "PracticeProblems2\PracticeProblems2.csproj", "{11B9C8D4-1237-4EE5-AA04-A834096EC0C1}"
EndProject
Global
	GlobalSection(SolutionConfigurationPlatforms) = preSolution
		Debug|Any CPU = Debug|Any CPU
		Release|Any CPU = Release|Any CPU
	EndGlobalSection
	GlobalSection(ProjectConfigurationPlatforms) = postSolution
		{11B9C8D4-1237-4EE5-AA04-A834096EC0C1}.Debug|Any CPU.ActiveCfg = Debug|Any CPU
		{11B9C8D4-1237-4EE5-AA04-A834096EC0C1}.Debug|Any CPU.Build.0 = Debug|Any CPU
		{11B9C8D4-1237-4EE5-AA04-A834096EC0C1}.Release|Any CPU.ActiveCfg = Release|Any CPU
		{11B9C8D4-1237-4EE5-AA04-A834096EC0C1}.Release|Any CPU.Build.0 = Release|Any CPU
	EndGlobalSection
	GlobalSection(SolutionProperties) = preSolution
		HideSolutionNode = FALSE
	EndGlobalSection
	GlobalSection(ExtensibilityGlobals) = postSolution
		SolutionGuid = {09BE1745-B46A-4BAC-A419-F358AD0CE968}
	EndGlobalSection
EndGlobal
